
Microsoft Visual Studio Solution File, Format Version 12.00
# Visual Studio 15
VisualStudioVersion = 15.0.28307.1209
MinimumVisualStudioVersion = 10.0.40219.1
Project("{9A19103F-16F7-4668-BE54-9A1E7A4F7556}") = "ofarz-rest-api", "ofarz-rest-api.csproj", "{F7CA4480-FBFF-4F25-8617-4B8198676104}"
EndProject
Global
	GlobalSection(SolutionConfigurationPlatforms) = preSolution
		Debug|Any CPU = Debug|Any CPU
		Release|Any CPU = Release|Any CPU
	EndGlobalSection
	GlobalSection(ProjectConfigurationPlatforms) = postSolution
		{F7CA4480-FBFF-4F25-8617-4B8198676104}.Debug|Any CPU.ActiveCfg = Debug|Any CPU
		{F7CA4480-FBFF-4F25-8617-4B8198676104}.Debug|Any CPU.Build.0 = Debug|Any CPU
		{F7CA4480-FBFF-4F25-8617-4B8198676104}.Release|Any CPU.ActiveCfg = Release|Any CPU
		{F7CA4480-FBFF-4F25-8617-4B8198676104}.Release|Any CPU.Build.0 = Release|Any CPU
	EndGlobalSection
	GlobalSection(SolutionProperties) = preSolution
		HideSolutionNode = FALSE
	EndGlobalSection
	GlobalSection(ExtensibilityGlobals) = postSolution
		SolutionGuid = {1D2AF6C6-FA30-4CE3-871D-EE028AFE345C}
	EndGlobalSection
EndGlobal
